{
  "name": "family-budget-manager-dbserver",
  "version": "4.2.0",
  "private": true,
  "description": "Turso persistence server for Family Budget Manager v4.2.0",
  "main": "server.js",
  "scripts": {
    "start": "node server.js",
    "test": "node --test tests/*.test.js"
  },
  "dependencies": {
    "express": "^5.1.0",
    "helmet": "^8.1.0",
    "express-rate-limit": "^8.0.1"
  },
  "engines": {
    "node": ">=22.5.0"
  }
}
